
Microsoft Visual Studio Solution File, Format Version 12.00
# Visual Studio 15
VisualStudioVersion = 15.0.27130.2027
MinimumVisualStudioVersion = 10.0.40219.1
Project("{8BC9CEB8-8B4A-11D0-8D11-00A0C91BC942}") = "Tutorial0 (Projection)", "Tutorial0\Tutorial0.vcxproj", "{E4D467B0-E579-4367-AE8F-61298C24804C}"
	ProjectSection(ProjectDependencies) = postProject
		{6A377F23-CA8F-4E10-8D0A-903471CAAB59} = {6A377F23-CA8F-4E10-8D0A-903471CAAB59}
		{24DA4934-77CC-497F-B507-F6B9BD6F42CB} = {24DA4934-77CC-497F-B507-F6B9BD6F42CB}
	EndProjectSection
EndProject
Project("{8BC9CEB8-8B4A-11D0-8D11-00A0C91BC942}") = "lemon", "..\lilia\lemon\lemon.vcxproj", "{6A377F23-CA8F-4E10-8D0A-903471CAAB59}"
EndProject
Project("{8BC9CEB8-8B4A-11D0-8D11-00A0C91BC942}") = "lilia", "..\lilia\lilia\lilia.vcxproj", "{24DA4934-77CC-497F-B507-F6B9BD6F42CB}"
EndProject
Project("{8BC9CEB8-8B4A-11D0-8D11-00A0C91BC942}") = "Tutorial1 (Fragment)", "Tutorial1\Tutorial1.vcxproj", "{372D4FBA-D1CB-4E11-9CA7-2F845EF62BC7}"
	ProjectSection(ProjectDependencies) = postProject
		{6A377F23-CA8F-4E10-8D0A-903471CAAB59} = {6A377F23-CA8F-4E10-8D0A-903471CAAB59}
		{24DA4934-77CC-497F-B507-F6B9BD6F42CB} = {24DA4934-77CC-497F-B507-F6B9BD6F42CB}
	EndProjectSection
EndProject
Project("{8BC9CEB8-8B4A-11D0-8D11-00A0C91BC942}") = "Tutorial2 (Textures)", "Tutorial2\Tutorial2.vcxproj", "{3B7B1BFE-C080-4210-97F0-061F2DB5011E}"
	ProjectSection(ProjectDependencies) = postProject
		{6A377F23-CA8F-4E10-8D0A-903471CAAB59} = {6A377F23-CA8F-4E10-8D0A-903471CAAB59}
		{24DA4934-77CC-497F-B507-F6B9BD6F42CB} = {24DA4934-77CC-497F-B507-F6B9BD6F42CB}
	EndProjectSection
EndProject
Project("{8BC9CEB8-8B4A-11D0-8D11-00A0C91BC942}") = "Tutorial3 (Lighting)", "Tutorial3\Tutorial3.vcxproj", "{1E6C4ED5-3DAD-4A52-B90F-F6DD62DB0CE3}"
	ProjectSection(ProjectDependencies) = postProject
		{6A377F23-CA8F-4E10-8D0A-903471CAAB59} = {6A377F23-CA8F-4E10-8D0A-903471CAAB59}
		{24DA4934-77CC-497F-B507-F6B9BD6F42CB} = {24DA4934-77CC-497F-B507-F6B9BD6F42CB}
	EndProjectSection
EndProject
Project("{8BC9CEB8-8B4A-11D0-8D11-00A0C91BC942}") = "Tutorial4 (Heightmap)", "Tutorial4\Tutorial4.vcxproj", "{6B44A722-8F11-4B62-896C-DDAAF3E7C142}"
	ProjectSection(ProjectDependencies) = postProject
		{6A377F23-CA8F-4E10-8D0A-903471CAAB59} = {6A377F23-CA8F-4E10-8D0A-903471CAAB59}
		{24DA4934-77CC-497F-B507-F6B9BD6F42CB} = {24DA4934-77CC-497F-B507-F6B9BD6F42CB}
	EndProjectSection
EndProject
Project("{8BC9CEB8-8B4A-11D0-8D11-00A0C91BC942}") = "Tutorial5 (Terrain)", "Tutorial5\Tutorial5.vcxproj", "{FE1A9DEE-723A-4B43-9E6C-0A77F5AC3637}"
	ProjectSection(ProjectDependencies) = postProject
		{6A377F23-CA8F-4E10-8D0A-903471CAAB59} = {6A377F23-CA8F-4E10-8D0A-903471CAAB59}
		{24DA4934-77CC-497F-B507-F6B9BD6F42CB} = {24DA4934-77CC-497F-B507-F6B9BD6F42CB}
	EndProjectSection
EndProject
Project("{8BC9CEB8-8B4A-11D0-8D11-00A0C91BC942}") = "Tutorial6 (Vertical Tiles)", "Tutorial6\Tutorial6.vcxproj", "{1A56556A-DD25-4FDF-8264-B86A2D1EAAD2}"
	ProjectSection(ProjectDependencies) = postProject
		{6A377F23-CA8F-4E10-8D0A-903471CAAB59} = {6A377F23-CA8F-4E10-8D0A-903471CAAB59}
		{24DA4934-77CC-497F-B507-F6B9BD6F42CB} = {24DA4934-77CC-497F-B507-F6B9BD6F42CB}
	EndProjectSection
EndProject
Project("{8BC9CEB8-8B4A-11D0-8D11-00A0C91BC942}") = "Tutorial7 (Point Light)", "Tutorial7\Tutorial7.vcxproj", "{CF44B155-407B-4BC9-A525-EB14E5909219}"
	ProjectSection(ProjectDependencies) = postProject
		{6A377F23-CA8F-4E10-8D0A-903471CAAB59} = {6A377F23-CA8F-4E10-8D0A-903471CAAB59}
		{24DA4934-77CC-497F-B507-F6B9BD6F42CB} = {24DA4934-77CC-497F-B507-F6B9BD6F42CB}
	EndProjectSection
EndProject
Project("{8BC9CEB8-8B4A-11D0-8D11-00A0C91BC942}") = "Tutorial8", "Tutorial8\Tutorial8.vcxproj", "{6AFE68C9-9D57-4A62-A775-6E15B21796BE}"
	ProjectSection(ProjectDependencies) = postProject
		{6A377F23-CA8F-4E10-8D0A-903471CAAB59} = {6A377F23-CA8F-4E10-8D0A-903471CAAB59}
		{24DA4934-77CC-497F-B507-F6B9BD6F42CB} = {24DA4934-77CC-497F-B507-F6B9BD6F42CB}
	EndProjectSection
EndProject
Global
	GlobalSection(SolutionConfigurationPlatforms) = preSolution
		Debug|x64 = Debug|x64
		Debug|x86 = Debug|x86
		Release|x64 = Release|x64
		Release|x86 = Release|x86
	EndGlobalSection
	GlobalSection(ProjectConfigurationPlatforms) = postSolution
		{E4D467B0-E579-4367-AE8F-61298C24804C}.Debug|x64.ActiveCfg = Debug|x64
		{E4D467B0-E579-4367-AE8F-61298C24804C}.Debug|x64.Build.0 = Debug|x64
		{E4D467B0-E579-4367-AE8F-61298C24804C}.Debug|x86.ActiveCfg = Debug|Win32
		{E4D467B0-E579-4367-AE8F-61298C24804C}.Debug|x86.Build.0 = Debug|Win32
		{E4D467B0-E579-4367-AE8F-61298C24804C}.Release|x64.ActiveCfg = Release|x64
		{E4D467B0-E579-4367-AE8F-61298C24804C}.Release|x64.Build.0 = Release|x64
		{E4D467B0-E579-4367-AE8F-61298C24804C}.Release|x86.ActiveCfg = Release|Win32
		{E4D467B0-E579-4367-AE8F-61298C24804C}.Release|x86.Build.0 = Release|Win32
		{6A377F23-CA8F-4E10-8D0A-903471CAAB59}.Debug|x64.ActiveCfg = Debug|x64
		{6A377F23-CA8F-4E10-8D0A-903471CAAB59}.Debug|x64.Build.0 = Debug|x64
		{6A377F23-CA8F-4E10-8D0A-903471CAAB59}.Debug|x86.ActiveCfg = Debug|Win32
		{6A377F23-CA8F-4E10-8D0A-903471CAAB59}.Debug|x86.Build.0 = Debug|Win32
		{6A377F23-CA8F-4E10-8D0A-903471CAAB59}.Release|x64.ActiveCfg = Release|x64
		{6A377F23-CA8F-4E10-8D0A-903471CAAB59}.Release|x64.Build.0 = Release|x64
		{6A377F23-CA8F-4E10-8D0A-903471CAAB59}.Release|x86.ActiveCfg = Release|Win32
		{6A377F23-CA8F-4E10-8D0A-903471CAAB59}.Release|x86.Build.0 = Release|Win32
		{24DA4934-77CC-497F-B507-F6B9BD6F42CB}.Debug|x64.ActiveCfg = Debug|x64
		{24DA4934-77CC-497F-B507-F6B9BD6F42CB}.Debug|x64.Build.0 = Debug|x64
		{24DA4934-77CC-497F-B507-F6B9BD6F42CB}.Debug|x86.ActiveCfg = Debug|Win32
		{24DA4934-77CC-497F-B507-F6B9BD6F42CB}.Debug|x86.Build.0 = Debug|Win32
		{24DA4934-77CC-497F-B507-F6B9BD6F42CB}.Release|x64.ActiveCfg = Release|x64
		{24DA4934-77CC-497F-B507-F6B9BD6F42CB}.Release|x64.Build.0 = Release|x64
		{24DA4934-77CC-497F-B507-F6B9BD6F42CB}.Release|x86.ActiveCfg = Release|Win32
		{24DA4934-77CC-497F-B507-F6B9BD6F42CB}.Release|x86.Build.0 = Release|Win32
		{372D4FBA-D1CB-4E11-9CA7-2F845EF62BC7}.Debug|x64.ActiveCfg = Debug|x64
		{372D4FBA-D1CB-4E11-9CA7-2F845EF62BC7}.Debug|x64.Build.0 = Debug|x64
		{372D4FBA-D1CB-4E11-9CA7-2F845EF62BC7}.Debug|x86.ActiveCfg = Debug|Win32
		{372D4FBA-D1CB-4E11-9CA7-2F845EF62BC7}.Debug|x86.Build.0 = Debug|Win32
		{372D4FBA-D1CB-4E11-9CA7-2F845EF62BC7}.Release|x64.ActiveCfg = Release|x64
		{372D4FBA-D1CB-4E11-9CA7-2F845EF62BC7}.Release|x64.Build.0 = Release|x64
		{372D4FBA-D1CB-4E11-9CA7-2F845EF62BC7}.Release|x86.ActiveCfg = Release|Win32
		{372D4FBA-D1CB-4E11-9CA7-2F845EF62BC7}.Release|x86.Build.0 = Release|Win32
		{3B7B1BFE-C080-4210-97F0-061F2DB5011E}.Debug|x64.ActiveCfg = Debug|x64
		{3B7B1BFE-C080-4210-97F0-061F2DB5011E}.Debug|x64.Build.0 = Debug|x64
		{3B7B1BFE-C080-4210-97F0-061F2DB5011E}.Debug|x86.ActiveCfg = Debug|Win32
		{3B7B1BFE-C080-4210-97F0-061F2DB5011E}.Debug|x86.Build.0 = Debug|Win32
		{3B7B1BFE-C080-4210-97F0-061F2DB5011E}.Release|x64.ActiveCfg = Release|x64
		{3B7B1BFE-C080-4210-97F0-061F2DB5011E}.Release|x64.Build.0 = Release|x64
		{3B7B1BFE-C080-4210-97F0-061F2DB5011E}.Release|x86.ActiveCfg = Release|Win32
		{3B7B1BFE-C080-4210-97F0-061F2DB5011E}.Release|x86.Build.0 = Release|Win32
		{1E6C4ED5-3DAD-4A52-B90F-F6DD62DB0CE3}.Debug|x64.ActiveCfg = Debug|x64
		{1E6C4ED5-3DAD-4A52-B90F-F6DD62DB0CE3}.Debug|x64.Build.0 = Debug|x64
		{1E6C4ED5-3DAD-4A52-B90F-F6DD62DB0CE3}.Debug|x86.ActiveCfg = Debug|Win32
		{1E6C4ED5-3DAD-4A52-B90F-F6DD62DB0CE3}.Debug|x86.Build.0 = Debug|Win32
		{1E6C4ED5-3DAD-4A52-B90F-F6DD62DB0CE3}.Release|x64.ActiveCfg = Release|x64
		{1E6C4ED5-3DAD-4A52-B90F-F6DD62DB0CE3}.Release|x64.Build.0 = Release|x64
		{1E6C4ED5-3DAD-4A52-B90F-F6DD62DB0CE3}.Release|x86.ActiveCfg = Release|Win32
		{1E6C4ED5-3DAD-4A52-B90F-F6DD62DB0CE3}.Release|x86.Build.0 = Release|Win32
		{6B44A722-8F11-4B62-896C-DDAAF3E7C142}.Debug|x64.ActiveCfg = Debug|x64
		{6B44A722-8F11-4B62-896C-DDAAF3E7C142}.Debug|x64.Build.0 = Debug|x64
		{6B44A722-8F11-4B62-896C-DDAAF3E7C142}.Debug|x86.ActiveCfg = Debug|Win32
		{6B44A722-8F11-4B62-896C-DDAAF3E7C142}.Debug|x86.Build.0 = Debug|Win32
		{6B44A722-8F11-4B62-896C-DDAAF3E7C142}.Release|x64.ActiveCfg = Release|x64
		{6B44A722-8F11-4B62-896C-DDAAF3E7C142}.Release|x64.Build.0 = Release|x64
		{6B44A722-8F11-4B62-896C-DDAAF3E7C142}.Release|x86.ActiveCfg = Release|Win32
		{6B44A722-8F11-4B62-896C-DDAAF3E7C142}.Release|x86.Build.0 = Release|Win32
		{FE1A9DEE-723A-4B43-9E6C-0A77F5AC3637}.Debug|x64.ActiveCfg = Debug|x64
		{FE1A9DEE-723A-4B43-9E6C-0A77F5AC3637}.Debug|x64.Build.0 = Debug|x64
		{FE1A9DEE-723A-4B43-9E6C-0A77F5AC3637}.Debug|x86.ActiveCfg = Debug|Win32
		{FE1A9DEE-723A-4B43-9E6C-0A77F5AC3637}.Debug|x86.Build.0 = Debug|Win32
		{FE1A9DEE-723A-4B43-9E6C-0A77F5AC3637}.Release|x64.ActiveCfg = Release|x64
		{FE1A9DEE-723A-4B43-9E6C-0A77F5AC3637}.Release|x64.Build.0 = Release|x64
		{FE1A9DEE-723A-4B43-9E6C-0A77F5AC3637}.Release|x86.ActiveCfg = Release|Win32
		{FE1A9DEE-723A-4B43-9E6C-0A77F5AC3637}.Release|x86.Build.0 = Release|Win32
		{1A56556A-DD25-4FDF-8264-B86A2D1EAAD2}.Debug|x64.ActiveCfg = Debug|x64
		{1A56556A-DD25-4FDF-8264-B86A2D1EAAD2}.Debug|x64.Build.0 = Debug|x64
		{1A56556A-DD25-4FDF-8264-B86A2D1EAAD2}.Debug|x86.ActiveCfg = Debug|Win32
		{1A56556A-DD25-4FDF-8264-B86A2D1EAAD2}.Debug|x86.Build.0 = Debug|Win32
		{1A56556A-DD25-4FDF-8264-B86A2D1EAAD2}.Release|x64.ActiveCfg = Release|x64
		{1A56556A-DD25-4FDF-8264-B86A2D1EAAD2}.Release|x64.Build.0 = Release|x64
		{1A56556A-DD25-4FDF-8264-B86A2D1EAAD2}.Release|x86.ActiveCfg = Release|Win32
		{1A56556A-DD25-4FDF-8264-B86A2D1EAAD2}.Release|x86.Build.0 = Release|Win32
		{CF44B155-407B-4BC9-A525-EB14E5909219}.Debug|x64.ActiveCfg = Debug|x64
		{CF44B155-407B-4BC9-A525-EB14E5909219}.Debug|x64.Build.0 = Debug|x64
		{CF44B155-407B-4BC9-A525-EB14E5909219}.Debug|x86.ActiveCfg = Debug|Win32
		{CF44B155-407B-4BC9-A525-EB14E5909219}.Debug|x86.Build.0 = Debug|Win32
		{CF44B155-407B-4BC9-A525-EB14E5909219}.Release|x64.ActiveCfg = Release|x64
		{CF44B155-407B-4BC9-A525-EB14E5909219}.Release|x64.Build.0 = Release|x64
		{CF44B155-407B-4BC9-A525-EB14E5909219}.Release|x86.ActiveCfg = Release|Win32
		{CF44B155-407B-4BC9-A525-EB14E5909219}.Release|x86.Build.0 = Release|Win32
		{6AFE68C9-9D57-4A62-A775-6E15B21796BE}.Debug|x64.ActiveCfg = Debug|x64
		{6AFE68C9-9D57-4A62-A775-6E15B21796BE}.Debug|x64.Build.0 = Debug|x64
		{6AFE68C9-9D57-4A62-A775-6E15B21796BE}.Debug|x86.ActiveCfg = Debug|Win32
		{6AFE68C9-9D57-4A62-A775-6E15B21796BE}.Debug|x86.Build.0 = Debug|Win32
		{6AFE68C9-9D57-4A62-A775-6E15B21796BE}.Release|x64.ActiveCfg = Release|x64
		{6AFE68C9-9D57-4A62-A775-6E15B21796BE}.Release|x64.Build.0 = Release|x64
		{6AFE68C9-9D57-4A62-A775-6E15B21796BE}.Release|x86.ActiveCfg = Release|Win32
		{6AFE68C9-9D57-4A62-A775-6E15B21796BE}.Release|x86.Build.0 = Release|Win32
	EndGlobalSection
	GlobalSection(SolutionProperties) = preSolution
		HideSolutionNode = FALSE
	EndGlobalSection
	GlobalSection(ExtensibilityGlobals) = postSolution
		SolutionGuid = {64805670-718E-46CF-83AA-E205ADC1F8C0}
	EndGlobalSection
EndGlobal
